// !$*UTF8*$!
{
	archiveVersion = 1;
	classes = {
	};
	objectVersion = 48;
	objects = {

/* Begin PBXBuildFile section */
		0530CD1920ABD5E400C2E3B2 /* AppDelegate.swift in Sources */ = {isa = PBXBuildFile; fileRef = 0530CD1820ABD5E400C2E3B2 /* AppDelegate.swift */; };
		0530CD1B20ABD5E400C2E3B2 /* ViewController.swift in Sources */ = {isa = PBXBuildFile; fileRef = 0530CD1A20ABD5E400C2E3B2 /* ViewController.swift */; };
		0530CD1E20ABD5E400C2E3B2 /* Main.storyboard in Resources */ = {isa = PBXBuildFile; fileRef = 0530CD1C20ABD5E400C2E3B2 /* Main.storyboard */; };
		0530CD2020ABD5E400C2E3B2 /* Assets.xcassets in Resources */ = {isa = PBXBuildFile; fileRef = 0530CD1F20ABD5E400C2E3B2 /* Assets.xcassets */; };
		0530CD2320ABD5E400C2E3B2 /* LaunchScreen.storyboard in Resources */ = {isa = PBXBuildFile; fileRef = 0530CD2120ABD5E400C2E3B2 /* LaunchScreen.storyboard */; };
/* End PBXBuildFile section */

/* Begin PBXFileReference section */
		0530CD1520ABD5E400C2E3B2 /* AutoLayout Test.app */ = {isa = PBXFileReference; explicitFileType = wrapper.application; includeInIndex = 0; path = "AutoLayout Test.app"; sourceTree = BUILT_PRODUCTS_DIR; };
		0530CD1820ABD5E400C2E3B2 /* AppDelegate.swift */ = {isa = PBXFileReference; lastKnownFileType = sourcecode.swift; path = AppDelegate.swift; sourceTree = "<group>"; };
		0530CD1A20ABD5E400C2E3B2 /* ViewController.swift */ = {isa = PBXFileReference; lastKnownFileType = sourcecode.swift; path = ViewController.swift; sourceTree = "<group>"; };
		0530CD1D20ABD5E400C2E3B2 /* Base */ = {isa = PBXFileReference; lastKnownFileType = file.storyboard; name = Base; path = Base.lproj/Main.storyboard; sourceTree = "<group>"; };
		0530CD1F20ABD5E400C2E3B2 /* Assets.xcassets */ = {isa = PBXFileReference; lastKnownFileType = folder.assetcatalog; path = Assets.xcassets; sourceTree = "<group>"; };
		0530CD2220ABD5E400C2E3B2 /* Base */ = {isa = PBXFileReference; lastKnownFileType = file.storyboard; name = Base; path = Base.lproj/LaunchScreen.storyboard; sourceTree = "<group>"; };
		0530CD2420ABD5E400C2E3B2 /* Info.plist */ = {isa = PBXFileReference; lastKnownFileType = text.plist.xml; path = Info.plist; sourceTree = "<group>"; };
/* End PBXFileReference section */

/* Begin PBXFrameworksBuildPhase section */
		0530CD1220ABD5E400C2E3B2 /* Frameworks */ = {
			isa = PBXFrameworksBuildPhase;
			buildActionMask = 2147483647;
			files = (
			);
			runOnlyForDeploymentPostprocessing = 0;
		};
/* End PBXFrameworksBuildPhase section */

/* Begin PBXGroup section */
		0530CD0C20ABD5E400C2E3B2 = {
			isa = PBXGroup;
			children = (
				0530CD1720ABD5E400C2E3B2 /* AutoLayout Test */,
				0530CD1620ABD5E400C2E3B2 /* Products */,
			);
			sourceTree = "<group>";
		};
		0530CD1620ABD5E400C2E3B2 /* Products */ = {
			isa = PBXGroup;
			children = (
				0530CD1520ABD5E400C2E3B2 /* AutoLayout Test.app */,
			);
			name = Products;
			sourceTree = "<group>";
		};
		0530CD1720ABD5E400C2E3B2 /* AutoLayout Test */ = {
			isa = PBXGroup;
			children = (
				0530CD1820ABD5E400C2E3B2 /* AppDelegate.swift */,
				0530CD1A20ABD5E400C2E3B2 /* ViewController.swift */,
				0530CD1C20ABD5E400C2E3B2 /* Main.storyboard */,
				0530CD1F20ABD5E400C2E3B2 /* Assets.xcassets */,
				0530CD2120ABD5E400C2E3B2 /* LaunchScreen.storyboard */,
				0530CD2420ABD5E400C2E3B2 /* Info.plist */,
			);
			path = "AutoLayout Test";
			sourceTree = "<group>";
		};
/* End PBXGroup section */

/* Begin PBXNativeTarget section */
		0530CD1420ABD5E400C2E3B2 /* AutoLayout Test */ = {
			isa = PBXNativeTarget;
			buildConfigurationList = 0530CD2720ABD5E400C2E3B2 /* Build configuration list for PBXNativeTarget "AutoLayout Test" */;
			buildPhases = (
				0530CD1120ABD5E400C2E3B2 /* Sources */,
				0530CD1220ABD5E400C2E3B2 /* Frameworks */,
				0530CD1320ABD5E400C2E3B2 /* Resources */,
			);
			buildRules = (
			);
			dependencies = (
			);
			name = "AutoLayout Test";
			productName = "AutoLayout Test";
			productReference = 0530CD1520ABD5E400C2E3B2 /* AutoLayout Test.app */;
			productType = "com.apple.product-type.application";
		};
/* End PBXNativeTarget section */

/* Begin PBXProject section */
		0530CD0D20ABD5E400C2E3B2 /* Project object */ = {
			isa = PBXProject;
			attributes = {
				LastSwiftUpdateCheck = 0920;
				LastUpgradeCheck = 0920;
				ORGANIZATIONNAME = "김종현";
				TargetAttributes = {
					0530CD1420ABD5E400C2E3B2 = {
						CreatedOnToolsVersion = 9.2;
						ProvisioningStyle = Automatic;
					};
				};
			};
			buildConfigurationList = 0530CD1020ABD5E400C2E3B2 /* Build configuration list for PBXProject "AutoLayout Test" */;
			compatibilityVersion = "Xcode 8.0";
			developmentRegion = en;
			hasScannedForEncodings = 0;
			knownRegions = (
				en,
				Base,
			);
			mainGroup = 0530CD0C20ABD5E400C2E3B2;
			productRefGroup = 0530CD1620ABD5E400C2E3B2 /* Products */;
			projectDirPath = "";
			projectRoot = "";
			targets = (
				0530CD1420ABD5E400C2E3B2 /* AutoLayout Test */,
			);
		};
/* End PBXProject section */

/* Begin PBXResourcesBuildPhase section */
		0530CD1320ABD5E400C2E3B2 /* Resources */ = {
			isa = PBXResourcesBuildPhase;
			buildActionMask = 2147483647;
			files = (
				0530CD2320ABD5E400C2E3B2 /* LaunchScreen.storyboard in Resources */,
				0530CD2020ABD5E400C2E3B2 /* Assets.xcassets in Resources */,
				0530CD1E20ABD5E400C2E3B2 /* Main.storyboard in Resources */,
			);
			runOnlyForDeploymentPostprocessing = 0;
		};
/* End PBXResourcesBuildPhase section */

/* Begin PBXSourcesBuildPhase section */
		0530CD1120ABD5E400C2E3B2 /* Sources */ = {
			isa = PBXSourcesBuildPhase;
			buildActionMask = 2147483647;
			files = (
				0530CD1B20ABD5E400C2E3B2 /* ViewController.swift in Sources */,
				0530CD1920ABD5E400C2E3B2 /* AppDelegate.swift in Sources */,
			);
			runOnlyForDeploymentPostprocessing = 0;
		};
/* End PBXSourcesBuildPhase section */

/* Begin PBXVariantGroup section */
		0530CD1C20ABD5E400C2E3B2 /* Main.storyboard */ = {
			isa = PBXVariantGroup;
			children = (
				0530CD1D20ABD5E400C2E3B2 /* Base */,
			);
			name = Main.storyboard;
			sourceTree = "<group>";
		};
		0530CD2120ABD5E400C2E3B2 /* LaunchScreen.storyboard */ = {
			isa = PBXVariantGroup;
			children = (
				0530CD2220ABD5E400C2E3B2 /* Base */,
			);
			name = LaunchScreen.storyboard;
			sourceTree = "<group>";
		};
/* End PBXVariantGroup section */

/* Begin XCBuildConfiguration section */
		0530CD2520ABD5E400C2E3B2 /* Debug */ = {
			isa = XCBuildConfiguration;
			buildSettings = {
				ALWAYS_SEARCH_USER_PATHS = NO;
				CLANG_ANALYZER_NONNULL = YES;
				CLANG_ANALYZER_NUMBER_OBJECT_CONVERSION = YES_AGGRESSIVE;
				CLANG_CXX_LANGUAGE_STANDARD = "gnu++14";
				CLANG_CXX_LIBRARY = "libc++";
				CLANG_ENABLE_MODULES = YES;
				CLANG_ENABLE_OBJC_ARC = YES;
				CLANG_WARN_BLOCK_CAPTURE_AUTORELEASING = YES;
				CLANG_WARN_BOOL_CONVERSION = YES;
				CLANG_WARN_COMMA = YES;
				CLANG_WARN_CONSTANT_CONVERSION = YES;
				CLANG_WARN_DIRECT_OBJC_ISA_USAGE = YES_ERROR;
				CLANG_WARN_DOCUMENTATION_COMMENTS = YES;
				CLANG_WARN_EMPTY_BODY = YES;
				CLANG_WARN_ENUM_CONVERSION = YES;
				CLANG_WARN_INFINITE_RECURSION = YES;
				CLANG_WARN_INT_CONVERSION = YES;
				CLANG_WARN_NON_LITERAL_NULL_CONVERSION = YES;
				CLANG_WARN_OBJC_LITERAL_CONVERSION = YES;
				CLANG_WARN_OBJC_ROOT_CLASS = YES_ERROR;
				CLANG_WARN_RANGE_LOOP_ANALYSIS = YES;
				CLANG_WARN_STRICT_PROTOTYPES = YES;
				CLANG_WARN_SUSPICIOUS_MOVE = YES;
				CLANG_WARN_UNGUARDED_AVAILABILITY = YES_AGGRESSIVE;
				CLANG_WARN_UNREACHABLE_CODE = YES;
				CLANG_WARN__DUPLICATE_METHOD_MATCH = YES;
				CODE_SIGN_IDENTITY = "iPhone Developer";
				COPY_PHASE_STRIP = NO;
				DEBUG_INFORMATION_FORMAT = dwarf;
				ENABLE_STRICT_OBJC_MSGSEND = YES;
				ENABLE_TESTABILITY = YES;
				GCC_C_LANGUAGE_STANDARD = gnu11;
				GCC_DYNAMIC_NO_PIC = NO;
				GCC_NO_COMMON_BLOCKS = YES;
				GCC_OPTIMIZATION_LEVEL = 0;
				GCC_PREPROCESSOR_DEFINITIONS = (
					"DEBUG=1",
					"$(inherited)",
				);
				GCC_WARN_64_TO_32_BIT_CONVERSION = YES;
				GCC_WARN_ABOUT_RETURN_TYPE = YES_ERROR;
				GCC_WARN_UNDECLARED_SELECTOR = YES;
				GCC_WARN_UNINITIALIZED_AUTOS = YES_AGGRESSIVE;
				GCC_WARN_UNUSED_FUNCTION = YES;
				GCC_WARN_UNUSED_VARIABLE = YES;
				IPHONEOS_DEPLOYMENT_TARGET = 11.2;
				MTL_ENABLE_DEBUG_INFO = YES;
				ONLY_ACTIVE_ARCH = YES;
				SDKROOT = iphoneos;
				SWIFT_ACTIVE_COMPILATION_CONDITIONS = DEBUG;
				SWIFT_OPTIMIZATION_LEVEL = "-Onone";
			};
			name = Debug;
		};
		0530CD2620ABD5E400C2E3B2 /* Release */ = {
			isa = XCBuildConfiguration;
			buildSettings = {
				ALWAYS_SEARCH_USER_PATHS = NO;
				CLANG_ANALYZER_NONNULL = YES;
				CLANG_ANALYZER_NUMBER_OBJECT_CONVERSION = YES_AGGRESSIVE;
				CLANG_CXX_LANGUAGE_STANDARD = "gnu++14";
				CLANG_CXX_LIBRARY = "libc++";
				CLANG_ENABLE_MODULES = YES;
				CLANG_ENABLE_OBJC_ARC = YES;
				CLANG_WARN_BLOCK_CAPTURE_AUTORELEASING = YES;
				CLANG_WARN_BOOL_CONVERSION = YES;
				CLANG_WARN_COMMA = YES;
				CLANG_WARN_CONSTANT_CONVERSION = YES;
				CLANG_WARN_DIRECT_OBJC_ISA_USAGE = YES_ERROR;
				CLANG_WARN_DOCUMENTATION_COMMENTS = YES;
				CLANG_WARN_EMPTY_BODY = YES;
				CLANG_WARN_ENUM_CONVERSION = YES;
				CLANG_WARN_INFINITE_RECURSION = YES;
				CLANG_WARN_INT_CONVERSION = YES;
				CLANG_WARN_NON_LITERAL_NULL_CONVERSION = YES;
				CLANG_WARN_OBJC_LITERAL_CONVERSION = YES;
				CLANG_WARN_OBJC_ROOT_CLASS = YES_ERROR;
				CLANG_WARN_RANGE_LOOP_ANALYSIS = YES;
				CLANG_WARN_STRICT_PROTOTYPES = YES;
				CLANG_WARN_SUSPICIOUS_MOVE = YES;
				CLANG_WARN_UNGUARDED_AVAILABILITY = YES_AGGRESSIVE;
				CLANG_WARN_UNREACHABLE_CODE = YES;
				CLANG_WARN__DUPLICATE_METHOD_MATCH = YES;
				CODE_SIGN_IDENTITY = "iPhone Developer";
				COPY_PHASE_STRIP = NO;
				DEBUG_INFORMATION_FORMAT = "dwarf-with-dsym";
				ENABLE_NS_ASSERTIONS = NO;
				ENABLE_STRICT_OBJC_MSGSEND = YES;
				GCC_C_LANGUAGE_STANDARD = gnu11;
				GCC_NO_COMMON_BLOCKS = YES;
				GCC_WARN_64_TO_32_BIT_CONVERSION = YES;
				GCC_WARN_ABOUT_RETURN_TYPE = YES_ERROR;
				GCC_WARN_UNDECLARED_SELECTOR = YES;
				GCC_WARN_UNINITIALIZED_AUTOS = YES_AGGRESSIVE;
				GCC_WARN_UNUSED_FUNCTION = YES;
				GCC_WARN_UNUSED_VARIABLE = YES;
				IPHONEOS_DEPLOYMENT_TARGET = 11.2;
				MTL_ENABLE_DEBUG_INFO = NO;
				SDKROOT = iphoneos;
				SWIFT_OPTIMIZATION_LEVEL = "-Owholemodule";
				VALIDATE_PRODUCT = YES;
			};
			name = Release;
		};
		0530CD2820ABD5E400C2E3B2 /* Debug */ = {
			isa = XCBuildConfiguration;
			buildSettings = {
				ASSETCATALOG_COMPILER_APPICON_NAME = AppIcon;
				CODE_SIGN_STYLE = Automatic;
				DEVELOPMENT_TEAM = WBM58B7626;
				INFOPLIST_FILE = "AutoLayout Test/Info.plist";
				LD_RUNPATH_SEARCH_PATHS = "$(inherited) @executable_path/Frameworks";
				PRODUCT_BUNDLE_IDENTIFIER = "kr.ac.dit.AutoLayout-Test";
				PRODUCT_NAME = "$(TARGET_NAME)";
				SWIFT_VERSION = 4.0;
				TARGETED_DEVICE_FAMILY = "1,2";
			};
			name = Debug;
		};
		0530CD2920ABD5E400C2E3B2 /* Release */ = {
			isa = XCBuildConfiguration;
			buildSettings = {
				ASSETCATALOG_COMPILER_APPICON_NAME = AppIcon;
				CODE_SIGN_STYLE = Automatic;
				DEVELOPMENT_TEAM = WBM58B7626;
				INFOPLIST_FILE = "AutoLayout Test/Info.plist";
				LD_RUNPATH_SEARCH_PATHS = "$(inherited) @executable_path/Frameworks";
				PRODUCT_BUNDLE_IDENTIFIER = "kr.ac.dit.AutoLayout-Test";
				PRODUCT_NAME = "$(TARGET_NAME)";
				SWIFT_VERSION = 4.0;
				TARGETED_DEVICE_FAMILY = "1,2";
			};
			name = Release;
		};
/* End XCBuildConfiguration section */

/* Begin XCConfigurationList section */
		0530CD1020ABD5E400C2E3B2 /* Build configuration list for PBXProject "AutoLayout Test" */ = {
			isa = XCConfigurationList;
			buildConfigurations = (
				0530CD2520ABD5E400C2E3B2 /* Debug */,
				0530CD2620ABD5E400C2E3B2 /* Release */,
			);
			defaultConfigurationIsVisible = 0;
			defaultConfigurationName = Release;
		};
		0530CD2720ABD5E400C2E3B2 /* Build configuration list for PBXNativeTarget "AutoLayout Test" */ = {
			isa = XCConfigurationList;
			buildConfigurations = (
				0530CD2820ABD5E400C2E3B2 /* Debug */,
				0530CD2920ABD5E400C2E3B2 /* Release */,
			);
			defaultConfigurationIsVisible = 0;
			defaultConfigurationName = Release;
		};
/* End XCConfigurationList section */
	};
	rootObject = 0530CD0D20ABD5E400C2E3B2 /* Project object */;
}
